
Microsoft Visual Studio Solution File, Format Version 12.00
# Visual Studio Version 17
VisualStudioVersion = 17.9.34728.123
MinimumVisualStudioVersion = 10.0.40219.1
Project("{FAE04EC0-301F-11D3-BF4B-00C04F79EFBC}") = "ProjetoWindowsForm", "ProjetoWindowsForm.csproj", "{35735195-F45C-4C98-B79F-7E3A76629B19}"
EndProject
Global
	GlobalSection(SolutionConfigurationPlatforms) = preSolution
		Debug|Any CPU = Debug|Any CPU
		Release|Any CPU = Release|Any CPU
	EndGlobalSection
	GlobalSection(ProjectConfigurationPlatforms) = postSolution
		{35735195-F45C-4C98-B79F-7E3A76629B19}.Debug|Any CPU.ActiveCfg = Debug|Any CPU
		{35735195-F45C-4C98-B79F-7E3A76629B19}.Debug|Any CPU.Build.0 = Debug|Any CPU
		{35735195-F45C-4C98-B79F-7E3A76629B19}.Release|Any CPU.ActiveCfg = Release|Any CPU
		{35735195-F45C-4C98-B79F-7E3A76629B19}.Release|Any CPU.Build.0 = Release|Any CPU
	EndGlobalSection
	GlobalSection(SolutionProperties) = preSolution
		HideSolutionNode = FALSE
	EndGlobalSection
	GlobalSection(ExtensibilityGlobals) = postSolution
		SolutionGuid = {AD12B918-AE82-4336-84AD-0E2483C0C0B7}
	EndGlobalSection
EndGlobal
